
Microsoft Visual Studio Solution File, Format Version 12.00
# Visual Studio 14
VisualStudioVersion = 14.0.25123.0
MinimumVisualStudioVersion = 10.0.40219.1
Project("{FAE04EC0-301F-11D3-BF4B-00C04F79EFBC}") = "CallOfService.Mobile.iOS", "CallOfService.Mobile\CallOfService.Mobile.iOS\CallOfService.Mobile.iOS.csproj", "{823FA3D5-A3C5-47B8-B007-9FCB53982BE6}"
EndProject
Project("{FAE04EC0-301F-11D3-BF4B-00C04F79EFBC}") = "CallOfService.Mobile", "CallOfService.Mobile\CallOfService.Mobile\CallOfService.Mobile.csproj", "{F9628B05-872B-4CDB-949C-72DD994B4F1D}"
EndProject
Project("{FAE04EC0-301F-11D3-BF4B-00C04F79EFBC}") = "CallOfService.Mobile.Tests", "CallOfService.Mobile.Tests\CallOfService.Mobile.Tests.csproj", "{E29DA0B7-E042-4591-B351-84D156B5E066}"
EndProject
Project("{FAE04EC0-301F-11D3-BF4B-00C04F79EFBC}") = "CallOfService.Mobile.Droid", "CallOfService.Mobile\CallOfService.Mobile.Droid\CallOfService.Mobile.Droid.csproj", "{3E08C660-F6E2-45F4-8C1C-B240A94E7112}"
EndProject
Global
	GlobalSection(SolutionConfigurationPlatforms) = preSolution
		AppStore|Any CPU = AppStore|Any CPU
		AppStore|iPhone = AppStore|iPhone
		AppStore|iPhoneSimulator = AppStore|iPhoneSimulator
		Debug|Any CPU = Debug|Any CPU
		Debug|iPhone = Debug|iPhone
		Debug|iPhoneSimulator = Debug|iPhoneSimulator
		Release|Any CPU = Release|Any CPU
		Release|iPhone = Release|iPhone
		Release|iPhoneSimulator = Release|iPhoneSimulator
	EndGlobalSection
	GlobalSection(ProjectConfigurationPlatforms) = postSolution
		{823FA3D5-A3C5-47B8-B007-9FCB53982BE6}.AppStore|Any CPU.ActiveCfg = Release|iPhoneSimulator
		{823FA3D5-A3C5-47B8-B007-9FCB53982BE6}.AppStore|Any CPU.Build.0 = Release|iPhoneSimulator
		{823FA3D5-A3C5-47B8-B007-9FCB53982BE6}.AppStore|iPhone.ActiveCfg = Release|iPhone
		{823FA3D5-A3C5-47B8-B007-9FCB53982BE6}.AppStore|iPhone.Build.0 = Release|iPhone
		{823FA3D5-A3C5-47B8-B007-9FCB53982BE6}.AppStore|iPhoneSimulator.ActiveCfg = Release|iPhoneSimulator
		{823FA3D5-A3C5-47B8-B007-9FCB53982BE6}.AppStore|iPhoneSimulator.Build.0 = Release|iPhoneSimulator
		{823FA3D5-A3C5-47B8-B007-9FCB53982BE6}.Debug|Any CPU.ActiveCfg = Debug|iPhone
		{823FA3D5-A3C5-47B8-B007-9FCB53982BE6}.Debug|iPhone.ActiveCfg = Debug|iPhone
		{823FA3D5-A3C5-47B8-B007-9FCB53982BE6}.Debug|iPhone.Build.0 = Debug|iPhone
		{823FA3D5-A3C5-47B8-B007-9FCB53982BE6}.Debug|iPhoneSimulator.ActiveCfg = Debug|iPhoneSimulator
		{823FA3D5-A3C5-47B8-B007-9FCB53982BE6}.Debug|iPhoneSimulator.Build.0 = Debug|iPhoneSimulator
		{823FA3D5-A3C5-47B8-B007-9FCB53982BE6}.Release|Any CPU.ActiveCfg = Release|iPhone
		{823FA3D5-A3C5-47B8-B007-9FCB53982BE6}.Release|iPhone.ActiveCfg = Release|iPhone
		{823FA3D5-A3C5-47B8-B007-9FCB53982BE6}.Release|iPhone.Build.0 = Release|iPhone
		{823FA3D5-A3C5-47B8-B007-9FCB53982BE6}.Release|iPhoneSimulator.ActiveCfg = Release|iPhoneSimulator
		{823FA3D5-A3C5-47B8-B007-9FCB53982BE6}.Release|iPhoneSimulator.Build.0 = Release|iPhoneSimulator
		{F9628B05-872B-4CDB-949C-72DD994B4F1D}.AppStore|Any CPU.ActiveCfg = Release|Any CPU
		{F9628B05-872B-4CDB-949C-72DD994B4F1D}.AppStore|Any CPU.Build.0 = Release|Any CPU
		{F9628B05-872B-4CDB-949C-72DD994B4F1D}.AppStore|iPhone.ActiveCfg = Release|Any CPU
		{F9628B05-872B-4CDB-949C-72DD994B4F1D}.AppStore|iPhone.Build.0 = Release|Any CPU
		{F9628B05-872B-4CDB-949C-72DD994B4F1D}.AppStore|iPhoneSimulator.ActiveCfg = Release|Any CPU
		{F9628B05-872B-4CDB-949C-72DD994B4F1D}.AppStore|iPhoneSimulator.Build.0 = Release|Any CPU
		{F9628B05-872B-4CDB-949C-72DD994B4F1D}.Debug|Any CPU.ActiveCfg = Debug|Any CPU
		{F9628B05-872B-4CDB-949C-72DD994B4F1D}.Debug|Any CPU.Build.0 = Debug|Any CPU
		{F9628B05-872B-4CDB-949C-72DD994B4F1D}.Debug|iPhone.ActiveCfg = Debug|Any CPU
		{F9628B05-872B-4CDB-949C-72DD994B4F1D}.Debug|iPhone.Build.0 = Debug|Any CPU
		{F9628B05-872B-4CDB-949C-72DD994B4F1D}.Debug|iPhoneSimulator.ActiveCfg = Debug|Any CPU
		{F9628B05-872B-4CDB-949C-72DD994B4F1D}.Debug|iPhoneSimulator.Build.0 = Debug|Any CPU
		{F9628B05-872B-4CDB-949C-72DD994B4F1D}.Release|Any CPU.ActiveCfg = Release|Any CPU
		{F9628B05-872B-4CDB-949C-72DD994B4F1D}.Release|Any CPU.Build.0 = Release|Any CPU
		{F9628B05-872B-4CDB-949C-72DD994B4F1D}.Release|iPhone.ActiveCfg = Release|Any CPU
		{F9628B05-872B-4CDB-949C-72DD994B4F1D}.Release|iPhone.Build.0 = Release|Any CPU
		{F9628B05-872B-4CDB-949C-72DD994B4F1D}.Release|iPhoneSimulator.ActiveCfg = Release|Any CPU
		{F9628B05-872B-4CDB-949C-72DD994B4F1D}.Release|iPhoneSimulator.Build.0 = Release|Any CPU
		{E29DA0B7-E042-4591-B351-84D156B5E066}.AppStore|Any CPU.ActiveCfg = Release|Any CPU
		{E29DA0B7-E042-4591-B351-84D156B5E066}.AppStore|Any CPU.Build.0 = Release|Any CPU
		{E29DA0B7-E042-4591-B351-84D156B5E066}.AppStore|iPhone.ActiveCfg = Release|Any CPU
		{E29DA0B7-E042-4591-B351-84D156B5E066}.AppStore|iPhone.Build.0 = Release|Any CPU
		{E29DA0B7-E042-4591-B351-84D156B5E066}.AppStore|iPhoneSimulator.ActiveCfg = Release|Any CPU
		{E29DA0B7-E042-4591-B351-84D156B5E066}.AppStore|iPhoneSimulator.Build.0 = Release|Any CPU
		{E29DA0B7-E042-4591-B351-84D156B5E066}.Debug|Any CPU.ActiveCfg = Debug|Any CPU
		{E29DA0B7-E042-4591-B351-84D156B5E066}.Debug|Any CPU.Build.0 = Debug|Any CPU
		{E29DA0B7-E042-4591-B351-84D156B5E066}.Debug|iPhone.ActiveCfg = Debug|Any CPU
		{E29DA0B7-E042-4591-B351-84D156B5E066}.Debug|iPhone.Build.0 = Debug|Any CPU
		{E29DA0B7-E042-4591-B351-84D156B5E066}.Debug|iPhoneSimulator.ActiveCfg = Debug|Any CPU
		{E29DA0B7-E042-4591-B351-84D156B5E066}.Debug|iPhoneSimulator.Build.0 = Debug|Any CPU
		{E29DA0B7-E042-4591-B351-84D156B5E066}.Release|Any CPU.ActiveCfg = Release|Any CPU
		{E29DA0B7-E042-4591-B351-84D156B5E066}.Release|Any CPU.Build.0 = Release|Any CPU
		{E29DA0B7-E042-4591-B351-84D156B5E066}.Release|iPhone.ActiveCfg = Release|Any CPU
		{E29DA0B7-E042-4591-B351-84D156B5E066}.Release|iPhone.Build.0 = Release|Any CPU
		{E29DA0B7-E042-4591-B351-84D156B5E066}.Release|iPhoneSimulator.ActiveCfg = Release|Any CPU
		{E29DA0B7-E042-4591-B351-84D156B5E066}.Release|iPhoneSimulator.Build.0 = Release|Any CPU
		{3E08C660-F6E2-45F4-8C1C-B240A94E7112}.AppStore|Any CPU.ActiveCfg = Debug|Any CPU
		{3E08C660-F6E2-45F4-8C1C-B240A94E7112}.AppStore|Any CPU.Build.0 = Debug|Any CPU
		{3E08C660-F6E2-45F4-8C1C-B240A94E7112}.AppStore|iPhone.ActiveCfg = Debug|Any CPU
		{3E08C660-F6E2-45F4-8C1C-B240A94E7112}.AppStore|iPhone.Build.0 = Debug|Any CPU
		{3E08C660-F6E2-45F4-8C1C-B240A94E7112}.AppStore|iPhoneSimulator.ActiveCfg = Debug|Any CPU
		{3E08C660-F6E2-45F4-8C1C-B240A94E7112}.AppStore|iPhoneSimulator.Build.0 = Debug|Any CPU
		{3E08C660-F6E2-45F4-8C1C-B240A94E7112}.Debug|Any CPU.ActiveCfg = Debug|Any CPU
		{3E08C660-F6E2-45F4-8C1C-B240A94E7112}.Debug|Any CPU.Build.0 = Debug|Any CPU
		{3E08C660-F6E2-45F4-8C1C-B240A94E7112}.Debug|iPhone.ActiveCfg = Debug|Any CPU
		{3E08C660-F6E2-45F4-8C1C-B240A94E7112}.Debug|iPhone.Build.0 = Debug|Any CPU
		{3E08C660-F6E2-45F4-8C1C-B240A94E7112}.Debug|iPhoneSimulator.ActiveCfg = Debug|Any CPU
		{3E08C660-F6E2-45F4-8C1C-B240A94E7112}.Debug|iPhoneSimulator.Build.0 = Debug|Any CPU
		{3E08C660-F6E2-45F4-8C1C-B240A94E7112}.Release|Any CPU.ActiveCfg = Release|Any CPU
		{3E08C660-F6E2-45F4-8C1C-B240A94E7112}.Release|Any CPU.Build.0 = Release|Any CPU
		{3E08C660-F6E2-45F4-8C1C-B240A94E7112}.Release|iPhone.ActiveCfg = Release|Any CPU
		{3E08C660-F6E2-45F4-8C1C-B240A94E7112}.Release|iPhone.Build.0 = Release|Any CPU
		{3E08C660-F6E2-45F4-8C1C-B240A94E7112}.Release|iPhoneSimulator.ActiveCfg = Release|Any CPU
		{3E08C660-F6E2-45F4-8C1C-B240A94E7112}.Release|iPhoneSimulator.Build.0 = Release|Any CPU
	EndGlobalSection
	GlobalSection(SolutionProperties) = preSolution
		HideSolutionNode = FALSE
	EndGlobalSection
EndGlobal
