
Microsoft Visual Studio Solution File, Format Version 12.00
# Visual Studio 14
VisualStudioVersion = 14.0.25420.1
MinimumVisualStudioVersion = 10.0.40219.1
Project("{FAE04EC0-301F-11D3-BF4B-00C04F79EFBC}") = "CallOfService.Mobile.Droid", "CallOfService.Mobile\CallOfService.Mobile.Droid\CallOfService.Mobile.Droid.csproj", "{BB7A99A2-0E4B-4439-BEA0-00DB233007D2}"
EndProject
Project("{FAE04EC0-301F-11D3-BF4B-00C04F79EFBC}") = "CallOfService.Mobile.iOS", "CallOfService.Mobile\CallOfService.Mobile.iOS\CallOfService.Mobile.iOS.csproj", "{10358FF7-49A7-4D70-A924-E5F189BB190E}"
EndProject
Project("{FAE04EC0-301F-11D3-BF4B-00C04F79EFBC}") = "CallOfService.Mobile", "CallOfService.Mobile\CallOfService.Mobile\CallOfService.Mobile.csproj", "{0796E735-6E6C-4D92-81C0-D9BCD195681C}"
EndProject
Global
	GlobalSection(SolutionConfigurationPlatforms) = preSolution
		Ad-Hoc|Any CPU = Ad-Hoc|Any CPU
		Ad-Hoc|ARM = Ad-Hoc|ARM
		Ad-Hoc|iPhone = Ad-Hoc|iPhone
		Ad-Hoc|iPhoneSimulator = Ad-Hoc|iPhoneSimulator
		Ad-Hoc|x64 = Ad-Hoc|x64
		Ad-Hoc|x86 = Ad-Hoc|x86
		AppStore|Any CPU = AppStore|Any CPU
		AppStore|ARM = AppStore|ARM
		AppStore|iPhone = AppStore|iPhone
		AppStore|iPhoneSimulator = AppStore|iPhoneSimulator
		AppStore|x64 = AppStore|x64
		AppStore|x86 = AppStore|x86
		Debug|Any CPU = Debug|Any CPU
		Debug|ARM = Debug|ARM
		Debug|iPhone = Debug|iPhone
		Debug|iPhoneSimulator = Debug|iPhoneSimulator
		Debug|x64 = Debug|x64
		Debug|x86 = Debug|x86
		Release|Any CPU = Release|Any CPU
		Release|ARM = Release|ARM
		Release|iPhone = Release|iPhone
		Release|iPhoneSimulator = Release|iPhoneSimulator
		Release|x64 = Release|x64
		Release|x86 = Release|x86
	EndGlobalSection
	GlobalSection(ProjectConfigurationPlatforms) = postSolution
		{BB7A99A2-0E4B-4439-BEA0-00DB233007D2}.Ad-Hoc|Any CPU.ActiveCfg = Release|Any CPU
		{BB7A99A2-0E4B-4439-BEA0-00DB233007D2}.Ad-Hoc|Any CPU.Build.0 = Release|Any CPU
		{BB7A99A2-0E4B-4439-BEA0-00DB233007D2}.Ad-Hoc|Any CPU.Deploy.0 = Release|Any CPU
		{BB7A99A2-0E4B-4439-BEA0-00DB233007D2}.Ad-Hoc|ARM.ActiveCfg = Release|Any CPU
		{BB7A99A2-0E4B-4439-BEA0-00DB233007D2}.Ad-Hoc|ARM.Build.0 = Release|Any CPU
		{BB7A99A2-0E4B-4439-BEA0-00DB233007D2}.Ad-Hoc|ARM.Deploy.0 = Release|Any CPU
		{BB7A99A2-0E4B-4439-BEA0-00DB233007D2}.Ad-Hoc|iPhone.ActiveCfg = Release|Any CPU
		{BB7A99A2-0E4B-4439-BEA0-00DB233007D2}.Ad-Hoc|iPhone.Build.0 = Release|Any CPU
		{BB7A99A2-0E4B-4439-BEA0-00DB233007D2}.Ad-Hoc|iPhone.Deploy.0 = Release|Any CPU
		{BB7A99A2-0E4B-4439-BEA0-00DB233007D2}.Ad-Hoc|iPhoneSimulator.ActiveCfg = Release|Any CPU
		{BB7A99A2-0E4B-4439-BEA0-00DB233007D2}.Ad-Hoc|iPhoneSimulator.Build.0 = Release|Any CPU
		{BB7A99A2-0E4B-4439-BEA0-00DB233007D2}.Ad-Hoc|iPhoneSimulator.Deploy.0 = Release|Any CPU
		{BB7A99A2-0E4B-4439-BEA0-00DB233007D2}.Ad-Hoc|x64.ActiveCfg = Release|Any CPU
		{BB7A99A2-0E4B-4439-BEA0-00DB233007D2}.Ad-Hoc|x64.Build.0 = Release|Any CPU
		{BB7A99A2-0E4B-4439-BEA0-00DB233007D2}.Ad-Hoc|x64.Deploy.0 = Release|Any CPU
		{BB7A99A2-0E4B-4439-BEA0-00DB233007D2}.Ad-Hoc|x86.ActiveCfg = Release|Any CPU
		{BB7A99A2-0E4B-4439-BEA0-00DB233007D2}.Ad-Hoc|x86.Build.0 = Release|Any CPU
		{BB7A99A2-0E4B-4439-BEA0-00DB233007D2}.Ad-Hoc|x86.Deploy.0 = Release|Any CPU
		{BB7A99A2-0E4B-4439-BEA0-00DB233007D2}.AppStore|Any CPU.ActiveCfg = Release|Any CPU
		{BB7A99A2-0E4B-4439-BEA0-00DB233007D2}.AppStore|Any CPU.Build.0 = Release|Any CPU
		{BB7A99A2-0E4B-4439-BEA0-00DB233007D2}.AppStore|Any CPU.Deploy.0 = Release|Any CPU
		{BB7A99A2-0E4B-4439-BEA0-00DB233007D2}.AppStore|ARM.ActiveCfg = Release|Any CPU
		{BB7A99A2-0E4B-4439-BEA0-00DB233007D2}.AppStore|ARM.Build.0 = Release|Any CPU
		{BB7A99A2-0E4B-4439-BEA0-00DB233007D2}.AppStore|ARM.Deploy.0 = Release|Any CPU
		{BB7A99A2-0E4B-4439-BEA0-00DB233007D2}.AppStore|iPhone.ActiveCfg = Release|Any CPU
		{BB7A99A2-0E4B-4439-BEA0-00DB233007D2}.AppStore|iPhone.Build.0 = Release|Any CPU
		{BB7A99A2-0E4B-4439-BEA0-00DB233007D2}.AppStore|iPhone.Deploy.0 = Release|Any CPU
		{BB7A99A2-0E4B-4439-BEA0-00DB233007D2}.AppStore|iPhoneSimulator.ActiveCfg = Release|Any CPU
		{BB7A99A2-0E4B-4439-BEA0-00DB233007D2}.AppStore|iPhoneSimulator.Build.0 = Release|Any CPU
		{BB7A99A2-0E4B-4439-BEA0-00DB233007D2}.AppStore|iPhoneSimulator.Deploy.0 = Release|Any CPU
		{BB7A99A2-0E4B-4439-BEA0-00DB233007D2}.AppStore|x64.ActiveCfg = Release|Any CPU
		{BB7A99A2-0E4B-4439-BEA0-00DB233007D2}.AppStore|x64.Build.0 = Release|Any CPU
		{BB7A99A2-0E4B-4439-BEA0-00DB233007D2}.AppStore|x64.Deploy.0 = Release|Any CPU
		{BB7A99A2-0E4B-4439-BEA0-00DB233007D2}.AppStore|x86.ActiveCfg = Release|Any CPU
		{BB7A99A2-0E4B-4439-BEA0-00DB233007D2}.AppStore|x86.Build.0 = Release|Any CPU
		{BB7A99A2-0E4B-4439-BEA0-00DB233007D2}.AppStore|x86.Deploy.0 = Release|Any CPU
		{BB7A99A2-0E4B-4439-BEA0-00DB233007D2}.Debug|Any CPU.ActiveCfg = Debug|Any CPU
		{BB7A99A2-0E4B-4439-BEA0-00DB233007D2}.Debug|Any CPU.Build.0 = Debug|Any CPU
		{BB7A99A2-0E4B-4439-BEA0-00DB233007D2}.Debug|Any CPU.Deploy.0 = Debug|Any CPU
		{BB7A99A2-0E4B-4439-BEA0-00DB233007D2}.Debug|ARM.ActiveCfg = Debug|Any CPU
		{BB7A99A2-0E4B-4439-BEA0-00DB233007D2}.Debug|ARM.Build.0 = Debug|Any CPU
		{BB7A99A2-0E4B-4439-BEA0-00DB233007D2}.Debug|ARM.Deploy.0 = Debug|Any CPU
		{BB7A99A2-0E4B-4439-BEA0-00DB233007D2}.Debug|iPhone.ActiveCfg = Debug|Any CPU
		{BB7A99A2-0E4B-4439-BEA0-00DB233007D2}.Debug|iPhone.Build.0 = Debug|Any CPU
		{BB7A99A2-0E4B-4439-BEA0-00DB233007D2}.Debug|iPhone.Deploy.0 = Debug|Any CPU
		{BB7A99A2-0E4B-4439-BEA0-00DB233007D2}.Debug|iPhoneSimulator.ActiveCfg = Debug|Any CPU
		{BB7A99A2-0E4B-4439-BEA0-00DB233007D2}.Debug|iPhoneSimulator.Build.0 = Debug|Any CPU
		{BB7A99A2-0E4B-4439-BEA0-00DB233007D2}.Debug|iPhoneSimulator.Deploy.0 = Debug|Any CPU
		{BB7A99A2-0E4B-4439-BEA0-00DB233007D2}.Debug|x64.ActiveCfg = Debug|Any CPU
		{BB7A99A2-0E4B-4439-BEA0-00DB233007D2}.Debug|x64.Build.0 = Debug|Any CPU
		{BB7A99A2-0E4B-4439-BEA0-00DB233007D2}.Debug|x64.Deploy.0 = Debug|Any CPU
		{BB7A99A2-0E4B-4439-BEA0-00DB233007D2}.Debug|x86.ActiveCfg = Debug|Any CPU
		{BB7A99A2-0E4B-4439-BEA0-00DB233007D2}.Debug|x86.Build.0 = Debug|Any CPU
		{BB7A99A2-0E4B-4439-BEA0-00DB233007D2}.Debug|x86.Deploy.0 = Debug|Any CPU
		{BB7A99A2-0E4B-4439-BEA0-00DB233007D2}.Release|Any CPU.ActiveCfg = Release|Any CPU
		{BB7A99A2-0E4B-4439-BEA0-00DB233007D2}.Release|Any CPU.Build.0 = Release|Any CPU
		{BB7A99A2-0E4B-4439-BEA0-00DB233007D2}.Release|Any CPU.Deploy.0 = Release|Any CPU
		{BB7A99A2-0E4B-4439-BEA0-00DB233007D2}.Release|ARM.ActiveCfg = Release|Any CPU
		{BB7A99A2-0E4B-4439-BEA0-00DB233007D2}.Release|ARM.Build.0 = Release|Any CPU
		{BB7A99A2-0E4B-4439-BEA0-00DB233007D2}.Release|ARM.Deploy.0 = Release|Any CPU
		{BB7A99A2-0E4B-4439-BEA0-00DB233007D2}.Release|iPhone.ActiveCfg = Release|Any CPU
		{BB7A99A2-0E4B-4439-BEA0-00DB233007D2}.Release|iPhone.Build.0 = Release|Any CPU
		{BB7A99A2-0E4B-4439-BEA0-00DB233007D2}.Release|iPhone.Deploy.0 = Release|Any CPU
		{BB7A99A2-0E4B-4439-BEA0-00DB233007D2}.Release|iPhoneSimulator.ActiveCfg = Release|Any CPU
		{BB7A99A2-0E4B-4439-BEA0-00DB233007D2}.Release|iPhoneSimulator.Build.0 = Release|Any CPU
		{BB7A99A2-0E4B-4439-BEA0-00DB233007D2}.Release|iPhoneSimulator.Deploy.0 = Release|Any CPU
		{BB7A99A2-0E4B-4439-BEA0-00DB233007D2}.Release|x64.ActiveCfg = Release|Any CPU
		{BB7A99A2-0E4B-4439-BEA0-00DB233007D2}.Release|x64.Build.0 = Release|Any CPU
		{BB7A99A2-0E4B-4439-BEA0-00DB233007D2}.Release|x64.Deploy.0 = Release|Any CPU
		{BB7A99A2-0E4B-4439-BEA0-00DB233007D2}.Release|x86.ActiveCfg = Release|Any CPU
		{BB7A99A2-0E4B-4439-BEA0-00DB233007D2}.Release|x86.Build.0 = Release|Any CPU
		{BB7A99A2-0E4B-4439-BEA0-00DB233007D2}.Release|x86.Deploy.0 = Release|Any CPU
		{10358FF7-49A7-4D70-A924-E5F189BB190E}.Ad-Hoc|Any CPU.ActiveCfg = Ad-Hoc|iPhone
		{10358FF7-49A7-4D70-A924-E5F189BB190E}.Ad-Hoc|ARM.ActiveCfg = Ad-Hoc|iPhone
		{10358FF7-49A7-4D70-A924-E5F189BB190E}.Ad-Hoc|iPhone.ActiveCfg = Ad-Hoc|iPhone
		{10358FF7-49A7-4D70-A924-E5F189BB190E}.Ad-Hoc|iPhone.Build.0 = Ad-Hoc|iPhone
		{10358FF7-49A7-4D70-A924-E5F189BB190E}.Ad-Hoc|iPhoneSimulator.ActiveCfg = Ad-Hoc|iPhoneSimulator
		{10358FF7-49A7-4D70-A924-E5F189BB190E}.Ad-Hoc|iPhoneSimulator.Build.0 = Ad-Hoc|iPhoneSimulator
		{10358FF7-49A7-4D70-A924-E5F189BB190E}.Ad-Hoc|x64.ActiveCfg = Ad-Hoc|iPhone
		{10358FF7-49A7-4D70-A924-E5F189BB190E}.Ad-Hoc|x86.ActiveCfg = Ad-Hoc|iPhone
		{10358FF7-49A7-4D70-A924-E5F189BB190E}.AppStore|Any CPU.ActiveCfg = AppStore|iPhone
		{10358FF7-49A7-4D70-A924-E5F189BB190E}.AppStore|ARM.ActiveCfg = AppStore|iPhone
		{10358FF7-49A7-4D70-A924-E5F189BB190E}.AppStore|iPhone.ActiveCfg = AppStore|iPhone
		{10358FF7-49A7-4D70-A924-E5F189BB190E}.AppStore|iPhone.Build.0 = AppStore|iPhone
		{10358FF7-49A7-4D70-A924-E5F189BB190E}.AppStore|iPhoneSimulator.ActiveCfg = AppStore|iPhoneSimulator
		{10358FF7-49A7-4D70-A924-E5F189BB190E}.AppStore|iPhoneSimulator.Build.0 = AppStore|iPhoneSimulator
		{10358FF7-49A7-4D70-A924-E5F189BB190E}.AppStore|x64.ActiveCfg = AppStore|iPhone
		{10358FF7-49A7-4D70-A924-E5F189BB190E}.AppStore|x86.ActiveCfg = AppStore|iPhone
		{10358FF7-49A7-4D70-A924-E5F189BB190E}.Debug|Any CPU.ActiveCfg = Debug|iPhone
		{10358FF7-49A7-4D70-A924-E5F189BB190E}.Debug|ARM.ActiveCfg = Debug|iPhone
		{10358FF7-49A7-4D70-A924-E5F189BB190E}.Debug|iPhone.ActiveCfg = Debug|iPhone
		{10358FF7-49A7-4D70-A924-E5F189BB190E}.Debug|iPhone.Build.0 = Debug|iPhone
		{10358FF7-49A7-4D70-A924-E5F189BB190E}.Debug|iPhoneSimulator.ActiveCfg = Debug|iPhoneSimulator
		{10358FF7-49A7-4D70-A924-E5F189BB190E}.Debug|iPhoneSimulator.Build.0 = Debug|iPhoneSimulator
		{10358FF7-49A7-4D70-A924-E5F189BB190E}.Debug|x64.ActiveCfg = Debug|iPhone
		{10358FF7-49A7-4D70-A924-E5F189BB190E}.Debug|x86.ActiveCfg = Debug|iPhone
		{10358FF7-49A7-4D70-A924-E5F189BB190E}.Release|Any CPU.ActiveCfg = Release|iPhone
		{10358FF7-49A7-4D70-A924-E5F189BB190E}.Release|ARM.ActiveCfg = Release|iPhone
		{10358FF7-49A7-4D70-A924-E5F189BB190E}.Release|iPhone.ActiveCfg = Release|iPhone
		{10358FF7-49A7-4D70-A924-E5F189BB190E}.Release|iPhone.Build.0 = Release|iPhone
		{10358FF7-49A7-4D70-A924-E5F189BB190E}.Release|iPhoneSimulator.ActiveCfg = Release|iPhoneSimulator
		{10358FF7-49A7-4D70-A924-E5F189BB190E}.Release|iPhoneSimulator.Build.0 = Release|iPhoneSimulator
		{10358FF7-49A7-4D70-A924-E5F189BB190E}.Release|x64.ActiveCfg = Release|iPhone
		{10358FF7-49A7-4D70-A924-E5F189BB190E}.Release|x86.ActiveCfg = Release|iPhone
		{0796E735-6E6C-4D92-81C0-D9BCD195681C}.Ad-Hoc|Any CPU.ActiveCfg = Release|Any CPU
		{0796E735-6E6C-4D92-81C0-D9BCD195681C}.Ad-Hoc|Any CPU.Build.0 = Release|Any CPU
		{0796E735-6E6C-4D92-81C0-D9BCD195681C}.Ad-Hoc|ARM.ActiveCfg = Release|Any CPU
		{0796E735-6E6C-4D92-81C0-D9BCD195681C}.Ad-Hoc|ARM.Build.0 = Release|Any CPU
		{0796E735-6E6C-4D92-81C0-D9BCD195681C}.Ad-Hoc|iPhone.ActiveCfg = Release|Any CPU
		{0796E735-6E6C-4D92-81C0-D9BCD195681C}.Ad-Hoc|iPhone.Build.0 = Release|Any CPU
		{0796E735-6E6C-4D92-81C0-D9BCD195681C}.Ad-Hoc|iPhoneSimulator.ActiveCfg = Release|Any CPU
		{0796E735-6E6C-4D92-81C0-D9BCD195681C}.Ad-Hoc|iPhoneSimulator.Build.0 = Release|Any CPU
		{0796E735-6E6C-4D92-81C0-D9BCD195681C}.Ad-Hoc|x64.ActiveCfg = Release|Any CPU
		{0796E735-6E6C-4D92-81C0-D9BCD195681C}.Ad-Hoc|x64.Build.0 = Release|Any CPU
		{0796E735-6E6C-4D92-81C0-D9BCD195681C}.Ad-Hoc|x86.ActiveCfg = Release|Any CPU
		{0796E735-6E6C-4D92-81C0-D9BCD195681C}.Ad-Hoc|x86.Build.0 = Release|Any CPU
		{0796E735-6E6C-4D92-81C0-D9BCD195681C}.AppStore|Any CPU.ActiveCfg = Release|Any CPU
		{0796E735-6E6C-4D92-81C0-D9BCD195681C}.AppStore|Any CPU.Build.0 = Release|Any CPU
		{0796E735-6E6C-4D92-81C0-D9BCD195681C}.AppStore|ARM.ActiveCfg = Release|Any CPU
		{0796E735-6E6C-4D92-81C0-D9BCD195681C}.AppStore|ARM.Build.0 = Release|Any CPU
		{0796E735-6E6C-4D92-81C0-D9BCD195681C}.AppStore|iPhone.ActiveCfg = Release|Any CPU
		{0796E735-6E6C-4D92-81C0-D9BCD195681C}.AppStore|iPhone.Build.0 = Release|Any CPU
		{0796E735-6E6C-4D92-81C0-D9BCD195681C}.AppStore|iPhoneSimulator.ActiveCfg = Release|Any CPU
		{0796E735-6E6C-4D92-81C0-D9BCD195681C}.AppStore|iPhoneSimulator.Build.0 = Release|Any CPU
		{0796E735-6E6C-4D92-81C0-D9BCD195681C}.AppStore|x64.ActiveCfg = Release|Any CPU
		{0796E735-6E6C-4D92-81C0-D9BCD195681C}.AppStore|x64.Build.0 = Release|Any CPU
		{0796E735-6E6C-4D92-81C0-D9BCD195681C}.AppStore|x86.ActiveCfg = Release|Any CPU
		{0796E735-6E6C-4D92-81C0-D9BCD195681C}.AppStore|x86.Build.0 = Release|Any CPU
		{0796E735-6E6C-4D92-81C0-D9BCD195681C}.Debug|Any CPU.ActiveCfg = Debug|Any CPU
		{0796E735-6E6C-4D92-81C0-D9BCD195681C}.Debug|Any CPU.Build.0 = Debug|Any CPU
		{0796E735-6E6C-4D92-81C0-D9BCD195681C}.Debug|ARM.ActiveCfg = Debug|Any CPU
		{0796E735-6E6C-4D92-81C0-D9BCD195681C}.Debug|ARM.Build.0 = Debug|Any CPU
		{0796E735-6E6C-4D92-81C0-D9BCD195681C}.Debug|iPhone.ActiveCfg = Debug|Any CPU
		{0796E735-6E6C-4D92-81C0-D9BCD195681C}.Debug|iPhone.Build.0 = Debug|Any CPU
		{0796E735-6E6C-4D92-81C0-D9BCD195681C}.Debug|iPhoneSimulator.ActiveCfg = Debug|Any CPU
		{0796E735-6E6C-4D92-81C0-D9BCD195681C}.Debug|iPhoneSimulator.Build.0 = Debug|Any CPU
		{0796E735-6E6C-4D92-81C0-D9BCD195681C}.Debug|x64.ActiveCfg = Debug|Any CPU
		{0796E735-6E6C-4D92-81C0-D9BCD195681C}.Debug|x64.Build.0 = Debug|Any CPU
		{0796E735-6E6C-4D92-81C0-D9BCD195681C}.Debug|x86.ActiveCfg = Debug|Any CPU
		{0796E735-6E6C-4D92-81C0-D9BCD195681C}.Debug|x86.Build.0 = Debug|Any CPU
		{0796E735-6E6C-4D92-81C0-D9BCD195681C}.Release|Any CPU.ActiveCfg = Release|Any CPU
		{0796E735-6E6C-4D92-81C0-D9BCD195681C}.Release|Any CPU.Build.0 = Release|Any CPU
		{0796E735-6E6C-4D92-81C0-D9BCD195681C}.Release|ARM.ActiveCfg = Release|Any CPU
		{0796E735-6E6C-4D92-81C0-D9BCD195681C}.Release|ARM.Build.0 = Release|Any CPU
		{0796E735-6E6C-4D92-81C0-D9BCD195681C}.Release|iPhone.ActiveCfg = Release|Any CPU
		{0796E735-6E6C-4D92-81C0-D9BCD195681C}.Release|iPhone.Build.0 = Release|Any CPU
		{0796E735-6E6C-4D92-81C0-D9BCD195681C}.Release|iPhoneSimulator.ActiveCfg = Release|Any CPU
		{0796E735-6E6C-4D92-81C0-D9BCD195681C}.Release|iPhoneSimulator.Build.0 = Release|Any CPU
		{0796E735-6E6C-4D92-81C0-D9BCD195681C}.Release|x64.ActiveCfg = Release|Any CPU
		{0796E735-6E6C-4D92-81C0-D9BCD195681C}.Release|x64.Build.0 = Release|Any CPU
		{0796E735-6E6C-4D92-81C0-D9BCD195681C}.Release|x86.ActiveCfg = Release|Any CPU
		{0796E735-6E6C-4D92-81C0-D9BCD195681C}.Release|x86.Build.0 = Release|Any CPU
	EndGlobalSection
	GlobalSection(SolutionProperties) = preSolution
		HideSolutionNode = FALSE
	EndGlobalSection
EndGlobal
